
Microsoft Visual Studio Solution File, Format Version 12.00
# Visual Studio Version 17
VisualStudioVersion = 17.4.33110.190
MinimumVisualStudioVersion = 10.0.40219.1
Project("{FAE04EC0-301F-11D3-BF4B-00C04F79EFBC}") = "OrangeHRMAutomatonFramework", "OrangeHRMAutomatonFramework\OrangeHRMAutomatonFramework.csproj", "{C2276E7F-6697-4984-BD1F-F4D6365E32A3}"
EndProject
Global
	GlobalSection(SolutionConfigurationPlatforms) = preSolution
		Debug|Any CPU = Debug|Any CPU
		Release|Any CPU = Release|Any CPU
	EndGlobalSection
	GlobalSection(ProjectConfigurationPlatforms) = postSolution
		{C2276E7F-6697-4984-BD1F-F4D6365E32A3}.Debug|Any CPU.ActiveCfg = Debug|Any CPU
		{C2276E7F-6697-4984-BD1F-F4D6365E32A3}.Debug|Any CPU.Build.0 = Debug|Any CPU
		{C2276E7F-6697-4984-BD1F-F4D6365E32A3}.Release|Any CPU.ActiveCfg = Release|Any CPU
		{C2276E7F-6697-4984-BD1F-F4D6365E32A3}.Release|Any CPU.Build.0 = Release|Any CPU
	EndGlobalSection
	GlobalSection(SolutionProperties) = preSolution
		HideSolutionNode = FALSE
	EndGlobalSection
	GlobalSection(ExtensibilityGlobals) = postSolution
		SolutionGuid = {40A37A89-14B6-467A-9AA4-ABC1F7ABF4E5}
	EndGlobalSection
EndGlobal
